
Microsoft Visual Studio Solution File, Format Version 12.00
# Visual Studio Version 16
VisualStudioVersion = 16.0.30523.141
MinimumVisualStudioVersion = 10.0.40219.1
Project("{FAE04EC0-301F-11D3-BF4B-00C04F79EFBC}") = "Spider", "Spider.csproj", "{53ADA98D-EDB3-434E-B9E1-A7A2B10A8E62}"
EndProject
Global
	GlobalSection(SolutionConfigurationPlatforms) = preSolution
		Debug|Any CPU = Debug|Any CPU
		Release|Any CPU = Release|Any CPU
	EndGlobalSection
	GlobalSection(ProjectConfigurationPlatforms) = postSolution
		{53ADA98D-EDB3-434E-B9E1-A7A2B10A8E62}.Debug|Any CPU.ActiveCfg = Debug|Any CPU
		{53ADA98D-EDB3-434E-B9E1-A7A2B10A8E62}.Debug|Any CPU.Build.0 = Debug|Any CPU
		{53ADA98D-EDB3-434E-B9E1-A7A2B10A8E62}.Release|Any CPU.ActiveCfg = Release|Any CPU
		{53ADA98D-EDB3-434E-B9E1-A7A2B10A8E62}.Release|Any CPU.Build.0 = Release|Any CPU
	EndGlobalSection
	GlobalSection(SolutionProperties) = preSolution
		HideSolutionNode = FALSE
	EndGlobalSection
	GlobalSection(ExtensibilityGlobals) = postSolution
		SolutionGuid = {6E38F2CC-3788-43EE-AF07-A9A5F5CEA4EB}
	EndGlobalSection
EndGlobal
